<?xml version="1.0" encoding="utf-8"?>
<Project ToolsVersion="4.0" xmlns="http://schemas.microsoft.com/developer/msbuild/2003">
  <ItemGroup>
    <Filter Include="Source Files">
      <UniqueIdentifier>{4FC737F1-C7A5-4376-A066-2A32D752A2FF}</UniqueIdentifier>
      <Extensions>cpp;c;cc;cxx;c++;cppm;ixx;def;odl;idl;hpj;bat;asm;asmx</Extensions>
    </Filter>
    <Filter Include="Header Files">
      <UniqueIdentifier>{93995380-89BD-4b04-88EB-625FBE52EBFB}</UniqueIdentifier>
      <Extensions>h;hh;hpp;hxx;h++;hm;inl;inc;ipp;xsd</Extensions>
    </Filter>
    <Filter Include="Resource Files">
      <UniqueIdentifier>{67DA6AB6-F800-4c08-8B7A-83BB121AAD01}</UniqueIdentifier>
      <Extensions>rc;ico;cur;bmp;dlg;rc2;rct;bin;rgs;gif;jpg;jpeg;jpe;resx;tiff;tif;png;wav;mfcribbon-ms</Extensions>
    </Filter>
  </ItemGroup>
  <ItemGroup>
    <ClCompile Include="FirstSteps.cpp">
      <Filter>Source Files</Filter>
    </ClCompile>
    <ClCompile Include="..\..\__resources__\000_C++-Udemy-Kurs\3_WeitereGrundlagen\EnumClass.cc">
      <Filter>Source Files</Filter>
    </ClCompile>
    <ClCompile Include="..\..\__resources__\000_C++-Udemy-Kurs\3_WeitereGrundlagen\Overload.cc">
      <Filter>Source Files</Filter>
    </ClCompile>
    <ClCompile Include="..\..\__resources__\000_C++-Udemy-Kurs\3_WeitereGrundlagen\RValueLValue.cc">
      <Filter>Source Files</Filter>
    </ClCompile>
    <ClCompile Include="..\..\__resources__\000_C++-Udemy-Kurs\3_WeitereGrundlagen\RValueLValue2.cc">
      <Filter>Source Files</Filter>
    </ClCompile>
    <ClCompile Include="..\..\__resources__\000_C++-Udemy-Kurs\5_STLStrings\FileWrite.cc">
      <Filter>Source Files</Filter>
    </ClCompile>
    <ClCompile Include="..\..\__resources__\000_C++-Udemy-Kurs\5_STLStrings\SSO.cc">
      <Filter>Source Files</Filter>
    </ClCompile>
    <ClCompile Include="..\..\__resources__\000_C++-Udemy-Kurs\5_STLStrings\String.cc">
      <Filter>Source Files</Filter>
    </ClCompile>
    <ClCompile Include="..\..\__resources__\000_C++-Udemy-Kurs\5_STLStrings\Strings2.cc">
      <Filter>Source Files</Filter>
    </ClCompile>
    <ClCompile Include="..\..\__resources__\000_C++-Udemy-Kurs\5_STLStrings\Strings3.cc">
      <Filter>Source Files</Filter>
    </ClCompile>
    <ClCompile Include="..\..\__resources__\000_C++-Udemy-Kurs\5_STLStrings\StringViews.cc">
      <Filter>Source Files</Filter>
    </ClCompile>
    <ClCompile Include="..\..\__resources__\000_C++-Udemy-Kurs\5_STLStrings\UsingStringstreams.cc">
      <Filter>Source Files</Filter>
    </ClCompile>
    <ClCompile Include="..\..\__resources__\000_C++-Udemy-Kurs\5_STLStrings\Binary.cc">
      <Filter>Source Files</Filter>
    </ClCompile>
    <ClCompile Include="..\..\__resources__\000_C++-Udemy-Kurs\5_STLStrings\FileRead.cc">
      <Filter>Source Files</Filter>
    </ClCompile>
    <ClCompile Include="..\..\__resources__\000_C++-Udemy-Kurs\6_STLContainerUndIteratoren\List.cc">
      <Filter>Source Files</Filter>
    </ClCompile>
    <ClCompile Include="..\..\__resources__\000_C++-Udemy-Kurs\6_STLContainerUndIteratoren\ListVsVector.cc">
      <Filter>Source Files</Filter>
    </ClCompile>
    <ClCompile Include="..\..\__resources__\000_C++-Udemy-Kurs\6_STLContainerUndIteratoren\Map.cc">
      <Filter>Source Files</Filter>
    </ClCompile>
    <ClCompile Include="..\..\__resources__\000_C++-Udemy-Kurs\6_STLContainerUndIteratoren\PairTuple.cc">
      <Filter>Source Files</Filter>
    </ClCompile>
    <ClCompile Include="..\..\__resources__\000_C++-Udemy-Kurs\6_STLContainerUndIteratoren\Queue.cc">
      <Filter>Source Files</Filter>
    </ClCompile>
    <ClCompile Include="..\..\__resources__\000_C++-Udemy-Kurs\6_STLContainerUndIteratoren\Set.cc">
      <Filter>Source Files</Filter>
    </ClCompile>
    <ClCompile Include="..\..\__resources__\000_C++-Udemy-Kurs\6_STLContainerUndIteratoren\Stack.cc">
      <Filter>Source Files</Filter>
    </ClCompile>
    <ClCompile Include="..\..\__resources__\000_C++-Udemy-Kurs\6_STLContainerUndIteratoren\Array.cc">
      <Filter>Source Files</Filter>
    </ClCompile>
    <ClCompile Include="..\..\__resources__\000_C++-Udemy-Kurs\6_STLContainerUndIteratoren\Inserter.cc">
      <Filter>Source Files</Filter>
    </ClCompile>
    <ClCompile Include="..\..\__resources__\000_C++-Udemy-Kurs\6_STLContainerUndIteratoren\Iterator.cc">
      <Filter>Source Files</Filter>
    </ClCompile>
    <ClCompile Include="..\..\__resources__\000_C++-Udemy-Kurs\6_STLContainerUndIteratoren\Iterator2.cc">
      <Filter>Source Files</Filter>
    </ClCompile>
  </ItemGroup>
  <ItemGroup>
    <Text Include="..\..\__resources__\000_C++-Udemy-Kurs\5_STLStrings\Text.txt" />
    <Text Include="..\..\__resources__\000_C++-Udemy-Kurs\5_STLStrings\TextOutput.txt" />
  </ItemGroup>
  <ItemGroup>
    <ClInclude Include="..\..\__resources__\000_C++-Udemy-Kurs\6_STLContainerUndIteratoren\Timer.h">
      <Filter>Header Files</Filter>
    </ClInclude>
  </ItemGroup>
</Project>