
Microsoft Visual Studio Solution File, Format Version 12.00
# Visual Studio Version 17
VisualStudioVersion = 17.4.33213.308
MinimumVisualStudioVersion = 10.0.40219.1
Project("{8BC9CEB8-8B4A-11D0-8D11-00A0C91BC942}") = "CPlusPlusBeginnerToAdvanced", "CPlusPlusBeginnerToAdvanced\CPlusPlusBeginnerToAdvanced.vcxproj", "{0E795B89-CBC5-4BB5-841E-056B94A43B0D}"
EndProject
Project("{8BC9CEB8-8B4A-11D0-8D11-00A0C91BC942}") = "FirstSteps", "1FirstSteps\1FirstSteps.vcxproj", "{BD80A777-0577-4F01-8B07-1AD89154D900}"
EndProject
Project("{8BC9CEB8-8B4A-11D0-8D11-00A0C91BC942}") = "FirstStepsWithFunctions", "2FirstStepsWithFunctions\2FirstStepsWithFunctions.vcxproj", "{F0F75D34-3055-4672-AF19-F1113ED9F65E}"
EndProject
Project("{8BC9CEB8-8B4A-11D0-8D11-00A0C91BC942}") = "Arrays", "3Arrays\3Arrays.vcxproj", "{104D0176-DBFC-48A9-BA37-D0DF55A70EBC}"
EndProject
Project("{8BC9CEB8-8B4A-11D0-8D11-00A0C91BC942}") = "Pointers", "4Pointers\4Pointers.vcxproj", "{ECBF430B-B0AD-4962-8926-D2D9BCA239D2}"
EndProject
Project("{8BC9CEB8-8B4A-11D0-8D11-00A0C91BC942}") = "FunctionsAndHeaders", "4FunctionsAndHeaders\4FunctionsAndHeaders.vcxproj", "{CC9772CE-14E8-4FDB-9DCB-F7B441991258}"
EndProject
Project("{8BC9CEB8-8B4A-11D0-8D11-00A0C91BC942}") = "Namespaces", "6Namespaces\6Namespaces.vcxproj", "{31F1EB6F-014A-4D34-AE9F-43736CF46C80}"
EndProject
Project("{8BC9CEB8-8B4A-11D0-8D11-00A0C91BC942}") = "Classes", "Classes\Classes.vcxproj", "{1F281888-DBEB-42DC-92D3-997D0F00ABF9}"
EndProject
Project("{8BC9CEB8-8B4A-11D0-8D11-00A0C91BC942}") = "CommentsAndDocstrings", "CommentsAndDocstrings\CommentsAndDocstrings.vcxproj", "{370D6F08-EB04-4EAB-9309-C39599027010}"
EndProject
Project("{8BC9CEB8-8B4A-11D0-8D11-00A0C91BC942}") = "Variables", "Variables\Variables.vcxproj", "{8BEF2352-EDCB-4439-9078-3FEEDC113442}"
EndProject
Project("{8BC9CEB8-8B4A-11D0-8D11-00A0C91BC942}") = "Languages", "Languages\Languages.vcxproj", "{236D1B8C-4E5F-4E11-977A-9D30EAE88F0F}"
EndProject
Project("{8BC9CEB8-8B4A-11D0-8D11-00A0C91BC942}") = "Datatypes", "Datatypes\Datatypes.vcxproj", "{CA2ECD7E-F2D4-47EC-8ACD-9FCBA6F44402}"
EndProject
Project("{8BC9CEB8-8B4A-11D0-8D11-00A0C91BC942}") = "CallByValueCallByReference", "CallByValueCallByReference\CallByValueCallByReference.vcxproj", "{D02E4FC7-FE76-4592-A675-2CE8D342FBAA}"
EndProject
Project("{8BC9CEB8-8B4A-11D0-8D11-00A0C91BC942}") = "Operators", "Operators\Operators.vcxproj", "{47A462A2-BCBD-4F5B-B69F-902635D31B89}"
EndProject
Project("{8BC9CEB8-8B4A-11D0-8D11-00A0C91BC942}") = "Arguments", "Arguments\Arguments.vcxproj", "{877A6342-1DA9-4ED1-927D-7A103A9A1538}"
EndProject
Project("{8BC9CEB8-8B4A-11D0-8D11-00A0C91BC942}") = "Struct", "Struct\Struct.vcxproj", "{EB866408-A843-4116-9CB5-690B97F344A2}"
EndProject
Project("{8BC9CEB8-8B4A-11D0-8D11-00A0C91BC942}") = "Vectors", "Vectors\Vectors.vcxproj", "{957C443E-4B1A-4E6C-B437-8DAFF528C1C6}"
EndProject
Project("{8BC9CEB8-8B4A-11D0-8D11-00A0C91BC942}") = "Algorithmen", "Algorithmen\Algorithmen.vcxproj", "{2D42DC9B-D07D-4A33-B1B5-12A75C97E967}"
EndProject
Project("{8BC9CEB8-8B4A-11D0-8D11-00A0C91BC942}") = "Templates", "Templates\Templates.vcxproj", "{21814096-CB6F-4BCE-85CB-D58463CCDAB5}"
EndProject
Project("{8BC9CEB8-8B4A-11D0-8D11-00A0C91BC942}") = "Lambda", "Lambda\Lambda.vcxproj", "{9D8A67B7-BB8C-4191-A551-4AF8E408B07B}"
EndProject
Project("{8BC9CEB8-8B4A-11D0-8D11-00A0C91BC942}") = "MoveAndCopy", "MoveAndCopy\MoveAndCopy.vcxproj", "{29BF5305-8327-4620-8C7A-9AF394E1906C}"
EndProject
Project("{8BC9CEB8-8B4A-11D0-8D11-00A0C91BC942}") = "SmartPointer", "SmartPointer\SmartPointer.vcxproj", "{696ABB70-0551-4F3B-8C82-2AF0045FB383}"
EndProject
Project("{8BC9CEB8-8B4A-11D0-8D11-00A0C91BC942}") = "ThreadsException", "ThreadsException\ThreadsException.vcxproj", "{59DEE7F7-DA90-4527-8188-5947D2817E42}"
EndProject
Project("{8BC9CEB8-8B4A-11D0-8D11-00A0C91BC942}") = "Timing", "Timing\Timing.vcxproj", "{D0B9044A-9873-4E40-8FE9-66392901734E}"
EndProject
Project("{8BC9CEB8-8B4A-11D0-8D11-00A0C91BC942}") = "Resources", "Resources\Resources.vcxproj", "{6BDE2C98-4E26-4051-8223-AF4184F3419B}"
EndProject
Project("{8BC9CEB8-8B4A-11D0-8D11-00A0C91BC942}") = "GUI", "GUI\GUI.vcxproj", "{0EBAFDD3-AE35-48E0-946E-FCFB09DA9D55}"
EndProject
Project("{8BC9CEB8-8B4A-11D0-8D11-00A0C91BC942}") = "Game", "Game\Game.vcxproj", "{979DF115-9311-4487-B403-717BD59AB392}"
EndProject
Project("{8BC9CEB8-8B4A-11D0-8D11-00A0C91BC942}") = "Advanced", "Advanced\Advanced.vcxproj", "{0C6BFC5B-9A9B-45E7-82DC-AAD80C0CB724}"
EndProject
Project("{8BC9CEB8-8B4A-11D0-8D11-00A0C91BC942}") = "ScientificComputing", "ScientificComputing\ScientificComputing.vcxproj", "{313015AF-A03A-45C1-8715-AFF0933987B2}"
EndProject
Global
	GlobalSection(SolutionConfigurationPlatforms) = preSolution
		Debug|x64 = Debug|x64
		Debug|x86 = Debug|x86
		Release|x64 = Release|x64
		Release|x86 = Release|x86
	EndGlobalSection
	GlobalSection(ProjectConfigurationPlatforms) = postSolution
		{0E795B89-CBC5-4BB5-841E-056B94A43B0D}.Debug|x64.ActiveCfg = Debug|x64
		{0E795B89-CBC5-4BB5-841E-056B94A43B0D}.Debug|x64.Build.0 = Debug|x64
		{0E795B89-CBC5-4BB5-841E-056B94A43B0D}.Debug|x86.ActiveCfg = Debug|Win32
		{0E795B89-CBC5-4BB5-841E-056B94A43B0D}.Debug|x86.Build.0 = Debug|Win32
		{0E795B89-CBC5-4BB5-841E-056B94A43B0D}.Release|x64.ActiveCfg = Release|x64
		{0E795B89-CBC5-4BB5-841E-056B94A43B0D}.Release|x64.Build.0 = Release|x64
		{0E795B89-CBC5-4BB5-841E-056B94A43B0D}.Release|x86.ActiveCfg = Release|Win32
		{0E795B89-CBC5-4BB5-841E-056B94A43B0D}.Release|x86.Build.0 = Release|Win32
		{BD80A777-0577-4F01-8B07-1AD89154D900}.Debug|x64.ActiveCfg = Debug|x64
		{BD80A777-0577-4F01-8B07-1AD89154D900}.Debug|x64.Build.0 = Debug|x64
		{BD80A777-0577-4F01-8B07-1AD89154D900}.Debug|x86.ActiveCfg = Debug|Win32
		{BD80A777-0577-4F01-8B07-1AD89154D900}.Debug|x86.Build.0 = Debug|Win32
		{BD80A777-0577-4F01-8B07-1AD89154D900}.Release|x64.ActiveCfg = Release|x64
		{BD80A777-0577-4F01-8B07-1AD89154D900}.Release|x64.Build.0 = Release|x64
		{BD80A777-0577-4F01-8B07-1AD89154D900}.Release|x86.ActiveCfg = Release|Win32
		{BD80A777-0577-4F01-8B07-1AD89154D900}.Release|x86.Build.0 = Release|Win32
		{F0F75D34-3055-4672-AF19-F1113ED9F65E}.Debug|x64.ActiveCfg = Debug|x64
		{F0F75D34-3055-4672-AF19-F1113ED9F65E}.Debug|x64.Build.0 = Debug|x64
		{F0F75D34-3055-4672-AF19-F1113ED9F65E}.Debug|x86.ActiveCfg = Debug|Win32
		{F0F75D34-3055-4672-AF19-F1113ED9F65E}.Debug|x86.Build.0 = Debug|Win32
		{F0F75D34-3055-4672-AF19-F1113ED9F65E}.Release|x64.ActiveCfg = Release|x64
		{F0F75D34-3055-4672-AF19-F1113ED9F65E}.Release|x64.Build.0 = Release|x64
		{F0F75D34-3055-4672-AF19-F1113ED9F65E}.Release|x86.ActiveCfg = Release|Win32
		{F0F75D34-3055-4672-AF19-F1113ED9F65E}.Release|x86.Build.0 = Release|Win32
		{104D0176-DBFC-48A9-BA37-D0DF55A70EBC}.Debug|x64.ActiveCfg = Debug|x64
		{104D0176-DBFC-48A9-BA37-D0DF55A70EBC}.Debug|x64.Build.0 = Debug|x64
		{104D0176-DBFC-48A9-BA37-D0DF55A70EBC}.Debug|x86.ActiveCfg = Debug|Win32
		{104D0176-DBFC-48A9-BA37-D0DF55A70EBC}.Debug|x86.Build.0 = Debug|Win32
		{104D0176-DBFC-48A9-BA37-D0DF55A70EBC}.Release|x64.ActiveCfg = Release|x64
		{104D0176-DBFC-48A9-BA37-D0DF55A70EBC}.Release|x64.Build.0 = Release|x64
		{104D0176-DBFC-48A9-BA37-D0DF55A70EBC}.Release|x86.ActiveCfg = Release|Win32
		{104D0176-DBFC-48A9-BA37-D0DF55A70EBC}.Release|x86.Build.0 = Release|Win32
		{ECBF430B-B0AD-4962-8926-D2D9BCA239D2}.Debug|x64.ActiveCfg = Debug|x64
		{ECBF430B-B0AD-4962-8926-D2D9BCA239D2}.Debug|x64.Build.0 = Debug|x64
		{ECBF430B-B0AD-4962-8926-D2D9BCA239D2}.Debug|x86.ActiveCfg = Debug|Win32
		{ECBF430B-B0AD-4962-8926-D2D9BCA239D2}.Debug|x86.Build.0 = Debug|Win32
		{ECBF430B-B0AD-4962-8926-D2D9BCA239D2}.Release|x64.ActiveCfg = Release|x64
		{ECBF430B-B0AD-4962-8926-D2D9BCA239D2}.Release|x64.Build.0 = Release|x64
		{ECBF430B-B0AD-4962-8926-D2D9BCA239D2}.Release|x86.ActiveCfg = Release|Win32
		{ECBF430B-B0AD-4962-8926-D2D9BCA239D2}.Release|x86.Build.0 = Release|Win32
		{CC9772CE-14E8-4FDB-9DCB-F7B441991258}.Debug|x64.ActiveCfg = Debug|x64
		{CC9772CE-14E8-4FDB-9DCB-F7B441991258}.Debug|x64.Build.0 = Debug|x64
		{CC9772CE-14E8-4FDB-9DCB-F7B441991258}.Debug|x86.ActiveCfg = Debug|Win32
		{CC9772CE-14E8-4FDB-9DCB-F7B441991258}.Debug|x86.Build.0 = Debug|Win32
		{CC9772CE-14E8-4FDB-9DCB-F7B441991258}.Release|x64.ActiveCfg = Release|x64
		{CC9772CE-14E8-4FDB-9DCB-F7B441991258}.Release|x64.Build.0 = Release|x64
		{CC9772CE-14E8-4FDB-9DCB-F7B441991258}.Release|x86.ActiveCfg = Release|Win32
		{CC9772CE-14E8-4FDB-9DCB-F7B441991258}.Release|x86.Build.0 = Release|Win32
		{31F1EB6F-014A-4D34-AE9F-43736CF46C80}.Debug|x64.ActiveCfg = Debug|x64
		{31F1EB6F-014A-4D34-AE9F-43736CF46C80}.Debug|x64.Build.0 = Debug|x64
		{31F1EB6F-014A-4D34-AE9F-43736CF46C80}.Debug|x86.ActiveCfg = Debug|Win32
		{31F1EB6F-014A-4D34-AE9F-43736CF46C80}.Debug|x86.Build.0 = Debug|Win32
		{31F1EB6F-014A-4D34-AE9F-43736CF46C80}.Release|x64.ActiveCfg = Release|x64
		{31F1EB6F-014A-4D34-AE9F-43736CF46C80}.Release|x64.Build.0 = Release|x64
		{31F1EB6F-014A-4D34-AE9F-43736CF46C80}.Release|x86.ActiveCfg = Release|Win32
		{31F1EB6F-014A-4D34-AE9F-43736CF46C80}.Release|x86.Build.0 = Release|Win32
		{1F281888-DBEB-42DC-92D3-997D0F00ABF9}.Debug|x64.ActiveCfg = Debug|x64
		{1F281888-DBEB-42DC-92D3-997D0F00ABF9}.Debug|x64.Build.0 = Debug|x64
		{1F281888-DBEB-42DC-92D3-997D0F00ABF9}.Debug|x86.ActiveCfg = Debug|Win32
		{1F281888-DBEB-42DC-92D3-997D0F00ABF9}.Debug|x86.Build.0 = Debug|Win32
		{1F281888-DBEB-42DC-92D3-997D0F00ABF9}.Release|x64.ActiveCfg = Release|x64
		{1F281888-DBEB-42DC-92D3-997D0F00ABF9}.Release|x64.Build.0 = Release|x64
		{1F281888-DBEB-42DC-92D3-997D0F00ABF9}.Release|x86.ActiveCfg = Release|Win32
		{1F281888-DBEB-42DC-92D3-997D0F00ABF9}.Release|x86.Build.0 = Release|Win32
		{370D6F08-EB04-4EAB-9309-C39599027010}.Debug|x64.ActiveCfg = Debug|x64
		{370D6F08-EB04-4EAB-9309-C39599027010}.Debug|x64.Build.0 = Debug|x64
		{370D6F08-EB04-4EAB-9309-C39599027010}.Debug|x86.ActiveCfg = Debug|Win32
		{370D6F08-EB04-4EAB-9309-C39599027010}.Debug|x86.Build.0 = Debug|Win32
		{370D6F08-EB04-4EAB-9309-C39599027010}.Release|x64.ActiveCfg = Release|x64
		{370D6F08-EB04-4EAB-9309-C39599027010}.Release|x64.Build.0 = Release|x64
		{370D6F08-EB04-4EAB-9309-C39599027010}.Release|x86.ActiveCfg = Release|Win32
		{370D6F08-EB04-4EAB-9309-C39599027010}.Release|x86.Build.0 = Release|Win32
		{8BEF2352-EDCB-4439-9078-3FEEDC113442}.Debug|x64.ActiveCfg = Debug|x64
		{8BEF2352-EDCB-4439-9078-3FEEDC113442}.Debug|x64.Build.0 = Debug|x64
		{8BEF2352-EDCB-4439-9078-3FEEDC113442}.Debug|x86.ActiveCfg = Debug|Win32
		{8BEF2352-EDCB-4439-9078-3FEEDC113442}.Debug|x86.Build.0 = Debug|Win32
		{8BEF2352-EDCB-4439-9078-3FEEDC113442}.Release|x64.ActiveCfg = Release|x64
		{8BEF2352-EDCB-4439-9078-3FEEDC113442}.Release|x64.Build.0 = Release|x64
		{8BEF2352-EDCB-4439-9078-3FEEDC113442}.Release|x86.ActiveCfg = Release|Win32
		{8BEF2352-EDCB-4439-9078-3FEEDC113442}.Release|x86.Build.0 = Release|Win32
		{236D1B8C-4E5F-4E11-977A-9D30EAE88F0F}.Debug|x64.ActiveCfg = Debug|x64
		{236D1B8C-4E5F-4E11-977A-9D30EAE88F0F}.Debug|x64.Build.0 = Debug|x64
		{236D1B8C-4E5F-4E11-977A-9D30EAE88F0F}.Debug|x86.ActiveCfg = Debug|Win32
		{236D1B8C-4E5F-4E11-977A-9D30EAE88F0F}.Debug|x86.Build.0 = Debug|Win32
		{236D1B8C-4E5F-4E11-977A-9D30EAE88F0F}.Release|x64.ActiveCfg = Release|x64
		{236D1B8C-4E5F-4E11-977A-9D30EAE88F0F}.Release|x64.Build.0 = Release|x64
		{236D1B8C-4E5F-4E11-977A-9D30EAE88F0F}.Release|x86.ActiveCfg = Release|Win32
		{236D1B8C-4E5F-4E11-977A-9D30EAE88F0F}.Release|x86.Build.0 = Release|Win32
		{CA2ECD7E-F2D4-47EC-8ACD-9FCBA6F44402}.Debug|x64.ActiveCfg = Debug|x64
		{CA2ECD7E-F2D4-47EC-8ACD-9FCBA6F44402}.Debug|x64.Build.0 = Debug|x64
		{CA2ECD7E-F2D4-47EC-8ACD-9FCBA6F44402}.Debug|x86.ActiveCfg = Debug|Win32
		{CA2ECD7E-F2D4-47EC-8ACD-9FCBA6F44402}.Debug|x86.Build.0 = Debug|Win32
		{CA2ECD7E-F2D4-47EC-8ACD-9FCBA6F44402}.Release|x64.ActiveCfg = Release|x64
		{CA2ECD7E-F2D4-47EC-8ACD-9FCBA6F44402}.Release|x64.Build.0 = Release|x64
		{CA2ECD7E-F2D4-47EC-8ACD-9FCBA6F44402}.Release|x86.ActiveCfg = Release|Win32
		{CA2ECD7E-F2D4-47EC-8ACD-9FCBA6F44402}.Release|x86.Build.0 = Release|Win32
		{D02E4FC7-FE76-4592-A675-2CE8D342FBAA}.Debug|x64.ActiveCfg = Debug|x64
		{D02E4FC7-FE76-4592-A675-2CE8D342FBAA}.Debug|x64.Build.0 = Debug|x64
		{D02E4FC7-FE76-4592-A675-2CE8D342FBAA}.Debug|x86.ActiveCfg = Debug|Win32
		{D02E4FC7-FE76-4592-A675-2CE8D342FBAA}.Debug|x86.Build.0 = Debug|Win32
		{D02E4FC7-FE76-4592-A675-2CE8D342FBAA}.Release|x64.ActiveCfg = Release|x64
		{D02E4FC7-FE76-4592-A675-2CE8D342FBAA}.Release|x64.Build.0 = Release|x64
		{D02E4FC7-FE76-4592-A675-2CE8D342FBAA}.Release|x86.ActiveCfg = Release|Win32
		{D02E4FC7-FE76-4592-A675-2CE8D342FBAA}.Release|x86.Build.0 = Release|Win32
		{47A462A2-BCBD-4F5B-B69F-902635D31B89}.Debug|x64.ActiveCfg = Debug|x64
		{47A462A2-BCBD-4F5B-B69F-902635D31B89}.Debug|x64.Build.0 = Debug|x64
		{47A462A2-BCBD-4F5B-B69F-902635D31B89}.Debug|x86.ActiveCfg = Debug|Win32
		{47A462A2-BCBD-4F5B-B69F-902635D31B89}.Debug|x86.Build.0 = Debug|Win32
		{47A462A2-BCBD-4F5B-B69F-902635D31B89}.Release|x64.ActiveCfg = Release|x64
		{47A462A2-BCBD-4F5B-B69F-902635D31B89}.Release|x64.Build.0 = Release|x64
		{47A462A2-BCBD-4F5B-B69F-902635D31B89}.Release|x86.ActiveCfg = Release|Win32
		{47A462A2-BCBD-4F5B-B69F-902635D31B89}.Release|x86.Build.0 = Release|Win32
		{877A6342-1DA9-4ED1-927D-7A103A9A1538}.Debug|x64.ActiveCfg = Debug|x64
		{877A6342-1DA9-4ED1-927D-7A103A9A1538}.Debug|x64.Build.0 = Debug|x64
		{877A6342-1DA9-4ED1-927D-7A103A9A1538}.Debug|x86.ActiveCfg = Debug|Win32
		{877A6342-1DA9-4ED1-927D-7A103A9A1538}.Debug|x86.Build.0 = Debug|Win32
		{877A6342-1DA9-4ED1-927D-7A103A9A1538}.Release|x64.ActiveCfg = Release|x64
		{877A6342-1DA9-4ED1-927D-7A103A9A1538}.Release|x64.Build.0 = Release|x64
		{877A6342-1DA9-4ED1-927D-7A103A9A1538}.Release|x86.ActiveCfg = Release|Win32
		{877A6342-1DA9-4ED1-927D-7A103A9A1538}.Release|x86.Build.0 = Release|Win32
		{EB866408-A843-4116-9CB5-690B97F344A2}.Debug|x64.ActiveCfg = Debug|x64
		{EB866408-A843-4116-9CB5-690B97F344A2}.Debug|x64.Build.0 = Debug|x64
		{EB866408-A843-4116-9CB5-690B97F344A2}.Debug|x86.ActiveCfg = Debug|Win32
		{EB866408-A843-4116-9CB5-690B97F344A2}.Debug|x86.Build.0 = Debug|Win32
		{EB866408-A843-4116-9CB5-690B97F344A2}.Release|x64.ActiveCfg = Release|x64
		{EB866408-A843-4116-9CB5-690B97F344A2}.Release|x64.Build.0 = Release|x64
		{EB866408-A843-4116-9CB5-690B97F344A2}.Release|x86.ActiveCfg = Release|Win32
		{EB866408-A843-4116-9CB5-690B97F344A2}.Release|x86.Build.0 = Release|Win32
		{957C443E-4B1A-4E6C-B437-8DAFF528C1C6}.Debug|x64.ActiveCfg = Debug|x64
		{957C443E-4B1A-4E6C-B437-8DAFF528C1C6}.Debug|x64.Build.0 = Debug|x64
		{957C443E-4B1A-4E6C-B437-8DAFF528C1C6}.Debug|x86.ActiveCfg = Debug|Win32
		{957C443E-4B1A-4E6C-B437-8DAFF528C1C6}.Debug|x86.Build.0 = Debug|Win32
		{957C443E-4B1A-4E6C-B437-8DAFF528C1C6}.Release|x64.ActiveCfg = Release|x64
		{957C443E-4B1A-4E6C-B437-8DAFF528C1C6}.Release|x64.Build.0 = Release|x64
		{957C443E-4B1A-4E6C-B437-8DAFF528C1C6}.Release|x86.ActiveCfg = Release|Win32
		{957C443E-4B1A-4E6C-B437-8DAFF528C1C6}.Release|x86.Build.0 = Release|Win32
		{2D42DC9B-D07D-4A33-B1B5-12A75C97E967}.Debug|x64.ActiveCfg = Debug|x64
		{2D42DC9B-D07D-4A33-B1B5-12A75C97E967}.Debug|x64.Build.0 = Debug|x64
		{2D42DC9B-D07D-4A33-B1B5-12A75C97E967}.Debug|x86.ActiveCfg = Debug|Win32
		{2D42DC9B-D07D-4A33-B1B5-12A75C97E967}.Debug|x86.Build.0 = Debug|Win32
		{2D42DC9B-D07D-4A33-B1B5-12A75C97E967}.Release|x64.ActiveCfg = Release|x64
		{2D42DC9B-D07D-4A33-B1B5-12A75C97E967}.Release|x64.Build.0 = Release|x64
		{2D42DC9B-D07D-4A33-B1B5-12A75C97E967}.Release|x86.ActiveCfg = Release|Win32
		{2D42DC9B-D07D-4A33-B1B5-12A75C97E967}.Release|x86.Build.0 = Release|Win32
		{21814096-CB6F-4BCE-85CB-D58463CCDAB5}.Debug|x64.ActiveCfg = Debug|x64
		{21814096-CB6F-4BCE-85CB-D58463CCDAB5}.Debug|x64.Build.0 = Debug|x64
		{21814096-CB6F-4BCE-85CB-D58463CCDAB5}.Debug|x86.ActiveCfg = Debug|Win32
		{21814096-CB6F-4BCE-85CB-D58463CCDAB5}.Debug|x86.Build.0 = Debug|Win32
		{21814096-CB6F-4BCE-85CB-D58463CCDAB5}.Release|x64.ActiveCfg = Release|x64
		{21814096-CB6F-4BCE-85CB-D58463CCDAB5}.Release|x64.Build.0 = Release|x64
		{21814096-CB6F-4BCE-85CB-D58463CCDAB5}.Release|x86.ActiveCfg = Release|Win32
		{21814096-CB6F-4BCE-85CB-D58463CCDAB5}.Release|x86.Build.0 = Release|Win32
		{9D8A67B7-BB8C-4191-A551-4AF8E408B07B}.Debug|x64.ActiveCfg = Debug|x64
		{9D8A67B7-BB8C-4191-A551-4AF8E408B07B}.Debug|x64.Build.0 = Debug|x64
		{9D8A67B7-BB8C-4191-A551-4AF8E408B07B}.Debug|x86.ActiveCfg = Debug|Win32
		{9D8A67B7-BB8C-4191-A551-4AF8E408B07B}.Debug|x86.Build.0 = Debug|Win32
		{9D8A67B7-BB8C-4191-A551-4AF8E408B07B}.Release|x64.ActiveCfg = Release|x64
		{9D8A67B7-BB8C-4191-A551-4AF8E408B07B}.Release|x64.Build.0 = Release|x64
		{9D8A67B7-BB8C-4191-A551-4AF8E408B07B}.Release|x86.ActiveCfg = Release|Win32
		{9D8A67B7-BB8C-4191-A551-4AF8E408B07B}.Release|x86.Build.0 = Release|Win32
		{29BF5305-8327-4620-8C7A-9AF394E1906C}.Debug|x64.ActiveCfg = Debug|x64
		{29BF5305-8327-4620-8C7A-9AF394E1906C}.Debug|x64.Build.0 = Debug|x64
		{29BF5305-8327-4620-8C7A-9AF394E1906C}.Debug|x86.ActiveCfg = Debug|Win32
		{29BF5305-8327-4620-8C7A-9AF394E1906C}.Debug|x86.Build.0 = Debug|Win32
		{29BF5305-8327-4620-8C7A-9AF394E1906C}.Release|x64.ActiveCfg = Release|x64
		{29BF5305-8327-4620-8C7A-9AF394E1906C}.Release|x64.Build.0 = Release|x64
		{29BF5305-8327-4620-8C7A-9AF394E1906C}.Release|x86.ActiveCfg = Release|Win32
		{29BF5305-8327-4620-8C7A-9AF394E1906C}.Release|x86.Build.0 = Release|Win32
		{696ABB70-0551-4F3B-8C82-2AF0045FB383}.Debug|x64.ActiveCfg = Debug|x64
		{696ABB70-0551-4F3B-8C82-2AF0045FB383}.Debug|x64.Build.0 = Debug|x64
		{696ABB70-0551-4F3B-8C82-2AF0045FB383}.Debug|x86.ActiveCfg = Debug|Win32
		{696ABB70-0551-4F3B-8C82-2AF0045FB383}.Debug|x86.Build.0 = Debug|Win32
		{696ABB70-0551-4F3B-8C82-2AF0045FB383}.Release|x64.ActiveCfg = Release|x64
		{696ABB70-0551-4F3B-8C82-2AF0045FB383}.Release|x64.Build.0 = Release|x64
		{696ABB70-0551-4F3B-8C82-2AF0045FB383}.Release|x86.ActiveCfg = Release|Win32
		{696ABB70-0551-4F3B-8C82-2AF0045FB383}.Release|x86.Build.0 = Release|Win32
		{59DEE7F7-DA90-4527-8188-5947D2817E42}.Debug|x64.ActiveCfg = Debug|x64
		{59DEE7F7-DA90-4527-8188-5947D2817E42}.Debug|x64.Build.0 = Debug|x64
		{59DEE7F7-DA90-4527-8188-5947D2817E42}.Debug|x86.ActiveCfg = Debug|Win32
		{59DEE7F7-DA90-4527-8188-5947D2817E42}.Debug|x86.Build.0 = Debug|Win32
		{59DEE7F7-DA90-4527-8188-5947D2817E42}.Release|x64.ActiveCfg = Release|x64
		{59DEE7F7-DA90-4527-8188-5947D2817E42}.Release|x64.Build.0 = Release|x64
		{59DEE7F7-DA90-4527-8188-5947D2817E42}.Release|x86.ActiveCfg = Release|Win32
		{59DEE7F7-DA90-4527-8188-5947D2817E42}.Release|x86.Build.0 = Release|Win32
		{D0B9044A-9873-4E40-8FE9-66392901734E}.Debug|x64.ActiveCfg = Debug|x64
		{D0B9044A-9873-4E40-8FE9-66392901734E}.Debug|x64.Build.0 = Debug|x64
		{D0B9044A-9873-4E40-8FE9-66392901734E}.Debug|x86.ActiveCfg = Debug|Win32
		{D0B9044A-9873-4E40-8FE9-66392901734E}.Debug|x86.Build.0 = Debug|Win32
		{D0B9044A-9873-4E40-8FE9-66392901734E}.Release|x64.ActiveCfg = Release|x64
		{D0B9044A-9873-4E40-8FE9-66392901734E}.Release|x64.Build.0 = Release|x64
		{D0B9044A-9873-4E40-8FE9-66392901734E}.Release|x86.ActiveCfg = Release|Win32
		{D0B9044A-9873-4E40-8FE9-66392901734E}.Release|x86.Build.0 = Release|Win32
		{6BDE2C98-4E26-4051-8223-AF4184F3419B}.Debug|x64.ActiveCfg = Debug|x64
		{6BDE2C98-4E26-4051-8223-AF4184F3419B}.Debug|x64.Build.0 = Debug|x64
		{6BDE2C98-4E26-4051-8223-AF4184F3419B}.Debug|x86.ActiveCfg = Debug|Win32
		{6BDE2C98-4E26-4051-8223-AF4184F3419B}.Debug|x86.Build.0 = Debug|Win32
		{6BDE2C98-4E26-4051-8223-AF4184F3419B}.Release|x64.ActiveCfg = Release|x64
		{6BDE2C98-4E26-4051-8223-AF4184F3419B}.Release|x64.Build.0 = Release|x64
		{6BDE2C98-4E26-4051-8223-AF4184F3419B}.Release|x86.ActiveCfg = Release|Win32
		{6BDE2C98-4E26-4051-8223-AF4184F3419B}.Release|x86.Build.0 = Release|Win32
		{0EBAFDD3-AE35-48E0-946E-FCFB09DA9D55}.Debug|x64.ActiveCfg = Debug|x64
		{0EBAFDD3-AE35-48E0-946E-FCFB09DA9D55}.Debug|x64.Build.0 = Debug|x64
		{0EBAFDD3-AE35-48E0-946E-FCFB09DA9D55}.Debug|x86.ActiveCfg = Debug|Win32
		{0EBAFDD3-AE35-48E0-946E-FCFB09DA9D55}.Debug|x86.Build.0 = Debug|Win32
		{0EBAFDD3-AE35-48E0-946E-FCFB09DA9D55}.Release|x64.ActiveCfg = Release|x64
		{0EBAFDD3-AE35-48E0-946E-FCFB09DA9D55}.Release|x64.Build.0 = Release|x64
		{0EBAFDD3-AE35-48E0-946E-FCFB09DA9D55}.Release|x86.ActiveCfg = Release|Win32
		{0EBAFDD3-AE35-48E0-946E-FCFB09DA9D55}.Release|x86.Build.0 = Release|Win32
		{979DF115-9311-4487-B403-717BD59AB392}.Debug|x64.ActiveCfg = Debug|x64
		{979DF115-9311-4487-B403-717BD59AB392}.Debug|x64.Build.0 = Debug|x64
		{979DF115-9311-4487-B403-717BD59AB392}.Debug|x86.ActiveCfg = Debug|Win32
		{979DF115-9311-4487-B403-717BD59AB392}.Debug|x86.Build.0 = Debug|Win32
		{979DF115-9311-4487-B403-717BD59AB392}.Release|x64.ActiveCfg = Release|x64
		{979DF115-9311-4487-B403-717BD59AB392}.Release|x64.Build.0 = Release|x64
		{979DF115-9311-4487-B403-717BD59AB392}.Release|x86.ActiveCfg = Release|Win32
		{979DF115-9311-4487-B403-717BD59AB392}.Release|x86.Build.0 = Release|Win32
		{0C6BFC5B-9A9B-45E7-82DC-AAD80C0CB724}.Debug|x64.ActiveCfg = Debug|x64
		{0C6BFC5B-9A9B-45E7-82DC-AAD80C0CB724}.Debug|x64.Build.0 = Debug|x64
		{0C6BFC5B-9A9B-45E7-82DC-AAD80C0CB724}.Debug|x86.ActiveCfg = Debug|Win32
		{0C6BFC5B-9A9B-45E7-82DC-AAD80C0CB724}.Debug|x86.Build.0 = Debug|Win32
		{0C6BFC5B-9A9B-45E7-82DC-AAD80C0CB724}.Release|x64.ActiveCfg = Release|x64
		{0C6BFC5B-9A9B-45E7-82DC-AAD80C0CB724}.Release|x64.Build.0 = Release|x64
		{0C6BFC5B-9A9B-45E7-82DC-AAD80C0CB724}.Release|x86.ActiveCfg = Release|Win32
		{0C6BFC5B-9A9B-45E7-82DC-AAD80C0CB724}.Release|x86.Build.0 = Release|Win32
		{313015AF-A03A-45C1-8715-AFF0933987B2}.Debug|x64.ActiveCfg = Debug|x64
		{313015AF-A03A-45C1-8715-AFF0933987B2}.Debug|x64.Build.0 = Debug|x64
		{313015AF-A03A-45C1-8715-AFF0933987B2}.Debug|x86.ActiveCfg = Debug|Win32
		{313015AF-A03A-45C1-8715-AFF0933987B2}.Debug|x86.Build.0 = Debug|Win32
		{313015AF-A03A-45C1-8715-AFF0933987B2}.Release|x64.ActiveCfg = Release|x64
		{313015AF-A03A-45C1-8715-AFF0933987B2}.Release|x64.Build.0 = Release|x64
		{313015AF-A03A-45C1-8715-AFF0933987B2}.Release|x86.ActiveCfg = Release|Win32
		{313015AF-A03A-45C1-8715-AFF0933987B2}.Release|x86.Build.0 = Release|Win32
	EndGlobalSection
	GlobalSection(SolutionProperties) = preSolution
		HideSolutionNode = FALSE
	EndGlobalSection
	GlobalSection(ExtensibilityGlobals) = postSolution
		SolutionGuid = {DE59D273-CA8D-4C51-ACD9-EEEF9321205A}
	EndGlobalSection
EndGlobal
